{
  "version": 4,
  "terraform_version": "1.14.5",
  "serial": 3,
  "lineage": "0028d7a0-257e-c334-4e4c-d9a04f73bc12",
  "outputs": {},
  "resources": [
    {
      "mode": "managed",
      "type": "github_repository",
      "name": "gitrepo_from_terraform",
      "provider": "provider[\"registry.terraform.io/integrations/github\"]",
      "instances": [
        {
          "schema_version": 1,
          "attributes": {
            "allow_auto_merge": false,
            "allow_forking": true,
            "allow_merge_commit": true,
            "allow_rebase_merge": true,
            "allow_squash_merge": true,
            "allow_update_branch": false,
            "archive_on_destroy": null,
            "archived": false,
            "auto_init": null,
            "default_branch": "main",
            "delete_branch_on_merge": false,
            "description": "This repo is created using terraform - github providers",
            "etag": "W/\"7dbaec24bd6e15b9684b95b18720290b93593449ac3a245f1e9961a3394a770a\"",
            "fork": "false",
            "full_name": "AratiMandavgane/gitrepo_from_terraform",
            "git_clone_url": "git://github.com/AratiMandavgane/gitrepo_from_terraform.git",
            "gitignore_template": null,
            "has_discussions": false,
            "has_downloads": false,
            "has_issues": false,
            "has_projects": false,
            "has_wiki": false,
            "homepage_url": "",
            "html_url": "https://github.com/AratiMandavgane/gitrepo_from_terraform",
            "http_clone_url": "https://github.com/AratiMandavgane/gitrepo_from_terraform.git",
            "id": "gitrepo_from_terraform",
            "ignore_vulnerability_alerts_during_read": false,
            "is_template": false,
            "license_template": null,
            "merge_commit_message": "PR_TITLE",
            "merge_commit_title": "MERGE_MESSAGE",
            "name": "gitrepo_from_terraform",
            "node_id": "R_kgDORgKGhQ",
            "pages": [],
            "primary_language": "",
            "private": false,
            "repo_id": 1174570629,
            "security_and_analysis": [
              {
                "advanced_security": [],
                "code_security": [],
                "secret_scanning": [
                  {
                    "status": "enabled"
                  }
                ],
                "secret_scanning_ai_detection": [],
                "secret_scanning_non_provider_patterns": [],
                "secret_scanning_push_protection": [
                  {
                    "status": "enabled"
                  }
                ]
              }
            ],
            "source_owner": "",
            "source_repo": "",
            "squash_merge_commit_message": "COMMIT_MESSAGES",
            "squash_merge_commit_title": "COMMIT_OR_PR_TITLE",
            "ssh_clone_url": "git@github.com:AratiMandavgane/gitrepo_from_terraform.git",
            "svn_url": "https://github.com/AratiMandavgane/gitrepo_from_terraform",
            "template": [],
            "topics": [],
            "visibility": "public",
            "vulnerability_alerts": false,
            "web_commit_signoff_required": false
          },
          "sensitive_attributes": [],
          "identity_schema_version": 0,
          "private": "eyJzY2hlbWFfdmVyc2lvbiI6IjEifQ=="
        }
      ]
    }
  ],
  "check_results": null
}
